
Microsoft Visual Studio Solution File, Format Version 12.00
# Visual Studio Version 17
VisualStudioVersion = 17.13.35828.75 d17.13
MinimumVisualStudioVersion = 10.0.40219.1
Project("{FAE04EC0-301F-11D3-BF4B-00C04F79EFBC}") = "To-Do-List", "To-Do-List.csproj", "{5AB6BF20-7A92-4FE0-A3B7-116D6070E499}"
EndProject
Global
	GlobalSection(SolutionConfigurationPlatforms) = preSolution
		Debug|Any CPU = Debug|Any CPU
		Release|Any CPU = Release|Any CPU
	EndGlobalSection
	GlobalSection(ProjectConfigurationPlatforms) = postSolution
		{5AB6BF20-7A92-4FE0-A3B7-116D6070E499}.Debug|Any CPU.ActiveCfg = Debug|Any CPU
		{5AB6BF20-7A92-4FE0-A3B7-116D6070E499}.Debug|Any CPU.Build.0 = Debug|Any CPU
		{5AB6BF20-7A92-4FE0-A3B7-116D6070E499}.Release|Any CPU.ActiveCfg = Release|Any CPU
		{5AB6BF20-7A92-4FE0-A3B7-116D6070E499}.Release|Any CPU.Build.0 = Release|Any CPU
	EndGlobalSection
	GlobalSection(SolutionProperties) = preSolution
		HideSolutionNode = FALSE
	EndGlobalSection
	GlobalSection(ExtensibilityGlobals) = postSolution
		SolutionGuid = {22F0A73A-C013-4893-A19C-3F6CDE53866D}
	EndGlobalSection
EndGlobal
